github.com/julienschmidt/httprouter v1.3.0 h1:U0609e9tgbseu3rBINet9P48AI/D3oJs4dN7jwJOQ1U=
github.com/julienschmidt/httprouter v1.3.0/go.mod h1:JR6WtHb+2LUe8TCKY3cZOxFyyO8IZAc4RVcycCCAKdM=
github.com/sollniss/resperr v0.0.0-20230424140111-7d502219de2d h1:XyJGWyzNM8ycmpvuOBHU6eu/6WTchGhDMa6ru1pF69s=
github.com/sollniss/resperr v0.0.0-20230424140111-7d502219de2d/go.mod h1:f3r2de6VdO4hJliRgEiiTSNQTPINo4qLnx2kUFoH4iM=
